
Microsoft Visual Studio Solution File, Format Version 12.00
# Visual Studio Version 17
VisualStudioVersion = 17.14.36221.1
MinimumVisualStudioVersion = 10.0.40219.1
Project("{FAE04EC0-301F-11D3-BF4B-00C04F79EFBC}") = "Exam_Online_API", "Exam Online\Exam_Online_API.csproj", "{7AACA27C-09A9-40CC-B8A5-F1D3F6823A8A}"
EndProject
Global
	GlobalSection(SolutionConfigurationPlatforms) = preSolution
		Debug|Any CPU = Debug|Any CPU
		Release|Any CPU = Release|Any CPU
	EndGlobalSection
	GlobalSection(ProjectConfigurationPlatforms) = postSolution
		{7AACA27C-09A9-40CC-B8A5-F1D3F6823A8A}.Debug|Any CPU.ActiveCfg = Debug|Any CPU
		{7AACA27C-09A9-40CC-B8A5-F1D3F6823A8A}.Debug|Any CPU.Build.0 = Debug|Any CPU
		{7AACA27C-09A9-40CC-B8A5-F1D3F6823A8A}.Release|Any CPU.ActiveCfg = Release|Any CPU
		{7AACA27C-09A9-40CC-B8A5-F1D3F6823A8A}.Release|Any CPU.Build.0 = Release|Any CPU
	EndGlobalSection
	GlobalSection(SolutionProperties) = preSolution
		HideSolutionNode = FALSE
	EndGlobalSection
	GlobalSection(ExtensibilityGlobals) = postSolution
		SolutionGuid = {B6B62E5E-8508-423D-911F-E85185DF8F29}
	EndGlobalSection
EndGlobal
